{
    "name": "@vdtn359/binlog-publisher",
    "version": "1.0.1",
    "lockfileVersion": 2,
    "requires": true,
    "packages": {
        "": {
            "name": "@vdtn359/binlog-publisher",
            "version": "1.0.1",
            "dependencies": {
                "@vlasky/zongji": "^0.5.8",
                "aws-sdk": "^2.1130.0",
                "exit-hook": "^2.2.1",
                "lodash": "^4.17.21",
                "rxjs": "^7.5.5",
                "uuid": "^8.3.2"
            },
            "devDependencies": {
                "@types/mysql": "^2.15.21",
                "@types/zongji": "^0.5.0"
            }
        },
        "../../node_modules/.pnpm/@types+mysql@2.15.21/node_modules/@types/mysql": {
            "version": "2.15.21",
            "dev": true,
            "license": "MIT",
            "dependencies": {
                "@types/node": "*"
            }
        },
        "../../node_modules/.pnpm/@types+zongji@0.5.0/node_modules/@types/zongji": {
            "version": "0.5.0",
            "dev": true,
            "license": "MIT",
            "dependencies": {
                "@types/mysql": "*"
            }
        },
        "../../node_modules/.pnpm/@vlasky+zongji@0.5.8/node_modules/@vlasky/zongji": {
            "version": "0.5.8",
            "license": "MIT",
            "dependencies": {
                "@vlasky/mysql": "^2.18.5",
                "big-integer": "1.6.48",
                "iconv-lite": "0.6.2"
            },
            "devDependencies": {
                "eslint": "6.8.0",
                "tap": "14.10.7"
            },
            "engines": {
                "node": ">= 8.0"
            }
        },
        "../../node_modules/.pnpm/aws-sdk@2.1130.0/node_modules/aws-sdk": {
            "version": "2.1130.0",
            "license": "Apache-2.0",
            "dependencies": {
                "buffer": "4.9.2",
                "events": "1.1.1",
                "ieee754": "1.1.13",
                "jmespath": "0.16.0",
                "querystring": "0.2.0",
                "sax": "1.2.1",
                "url": "0.10.3",
                "uuid": "3.3.2",
                "xml2js": "0.4.19"
            },
            "devDependencies": {
                "@types/node": "6.0.92",
                "browserify": "13.1.0",
                "chai": "^3.0",
                "codecov": "^3.8.2",
                "coffeeify": "*",
                "coffeescript": "^1.12.7",
                "cucumber": "0.5.x",
                "eslint": "^5.8.0",
                "hash-test-vectors": "^1.3.2",
                "insert-module-globals": "^7.0.0",
                "istanbul": "*",
                "jasmine": "^2.5.3",
                "jasmine-core": "^2.5.2",
                "json-loader": "^0.5.4",
                "karma": "^4.1.0",
                "karma-chrome-launcher": "2.2.0",
                "karma-jasmine": "^1.1.0",
                "mocha": "^3.0.0",
                "repl.history": "*",
                "semver": "*",
                "typescript": "2.0.8",
                "uglify-js": "2.x",
                "webpack": "^1.15.0"
            },
            "engines": {
                "node": ">= 10.0.0"
            }
        },
        "../../node_modules/.pnpm/exit-hook@2.2.1/node_modules/exit-hook": {
            "version": "2.2.1",
            "license": "MIT",
            "devDependencies": {
                "ava": "^1.4.1",
                "execa": "^1.0.0",
                "tsd": "^0.7.2",
                "xo": "^0.24.0"
            },
            "engines": {
                "node": ">=6"
            },
            "funding": {
                "url": "https://github.com/sponsors/sindresorhus"
            }
        },
        "../../node_modules/.pnpm/rxjs@7.5.5/node_modules/rxjs": {
            "version": "7.5.5",
            "license": "Apache-2.0",
            "dependencies": {
                "tslib": "^2.1.0"
            },
            "devDependencies": {
                "@angular-devkit/build-optimizer": "0.4.6",
                "@angular-devkit/schematics": "^11.0.7",
                "@swc/core": "^1.2.128",
                "@swc/helpers": "^0.3.2",
                "@types/chai": "^4.2.11",
                "@types/lodash": "4.14.102",
                "@types/mocha": "^7.0.2",
                "@types/node": "^14.14.6",
                "@types/shelljs": "^0.8.8",
                "@types/sinon": "4.1.3",
                "@types/sinon-chai": "2.7.29",
                "@types/source-map": "^0.5.2",
                "@typescript-eslint/eslint-plugin": "^4.29.1",
                "@typescript-eslint/parser": "^4.29.1",
                "babel-polyfill": "6.26.0",
                "chai": "^4.2.0",
                "check-side-effects": "0.0.23",
                "color": "3.0.0",
                "colors": "1.1.2",
                "cross-env": "5.1.3",
                "cz-conventional-changelog": "1.2.0",
                "dependency-cruiser": "^9.12.0",
                "escape-string-regexp": "1.0.5",
                "eslint": "^7.8.1",
                "eslint-plugin-jasmine": "^2.10.1",
                "form-data": "^3.0.0",
                "fs-extra": "^8.1.0",
                "glob": "7.1.2",
                "google-closure-compiler-js": "20170218.0.0",
                "husky": "^4.2.5",
                "klaw-sync": "3.0.2",
                "lint-staged": "^10.2.11",
                "lodash": "^4.17.15",
                "minimist": "^1.2.5",
                "mocha": "^8.1.3",
                "nodemon": "^1.9.2",
                "npm-run-all": "4.1.2",
                "opn-cli": "3.1.0",
                "platform": "1.3.5",
                "prettier": "^2.5.1",
                "promise": "8.0.1",
                "rollup": "0.66.6",
                "rollup-plugin-alias": "1.4.0",
                "rollup-plugin-inject": "2.0.0",
                "rollup-plugin-node-resolve": "2.0.0",
                "shelljs": "^0.8.4",
                "shx": "^0.3.2",
                "sinon": "4.3.0",
                "sinon-chai": "2.14.0",
                "source-map-support": "0.5.3",
                "systemjs": "^0.21.0",
                "ts-api-guardian": "^0.5.0",
                "ts-node": "^9.1.1",
                "tslint": "^5.20.1",
                "tslint-config-prettier": "^1.18.0",
                "tslint-etc": "1.13.10",
                "tslint-no-toplevel-property-access": "0.0.2",
                "tslint-no-unused-expression-chai": "0.0.3",
                "typescript": "~4.2.0",
                "validate-commit-msg": "2.14.0",
                "web-streams-polyfill": "^3.0.2",
                "webpack": "^4.31.0"
            }
        },
        "node_modules/@types/mysql": {
            "resolved": "../../node_modules/.pnpm/@types+mysql@2.15.21/node_modules/@types/mysql",
            "link": true
        },
        "node_modules/@types/zongji": {
            "resolved": "../../node_modules/.pnpm/@types+zongji@0.5.0/node_modules/@types/zongji",
            "link": true
        },
        "node_modules/@vlasky/zongji": {
            "resolved": "../../node_modules/.pnpm/@vlasky+zongji@0.5.8/node_modules/@vlasky/zongji",
            "link": true
        },
        "node_modules/aws-sdk": {
            "resolved": "../../node_modules/.pnpm/aws-sdk@2.1130.0/node_modules/aws-sdk",
            "link": true
        },
        "node_modules/exit-hook": {
            "resolved": "../../node_modules/.pnpm/exit-hook@2.2.1/node_modules/exit-hook",
            "link": true
        },
        "node_modules/lodash": {
            "version": "4.17.21",
            "resolved": "https://registry.npmjs.org/lodash/-/lodash-4.17.21.tgz",
            "integrity": "sha512-v2kDEe57lecTulaDIuNTPy3Ry4gLGJ6Z1O3vE1krgXZNrsQ+LFTGHVxVjcXPs17LhbZVGedAJv8XZ1tvj5FvSg=="
        },
        "node_modules/rxjs": {
            "resolved": "../../node_modules/.pnpm/rxjs@7.5.5/node_modules/rxjs",
            "link": true
        },
        "node_modules/uuid": {
            "version": "8.3.2",
            "resolved": "https://registry.npmjs.org/uuid/-/uuid-8.3.2.tgz",
            "integrity": "sha512-+NYs2QeMWy+GWFOEm9xnn6HCDp0l7QBD7ml8zLUmJ+93Q5NF0NocErnwkTkXVFNiX3/fpC6afS8Dhb/gz7R7eg==",
            "bin": {
                "uuid": "dist/bin/uuid"
            }
        }
    },
    "dependencies": {
        "@types/mysql": {
            "version": "file:../../node_modules/.pnpm/@types+mysql@2.15.21/node_modules/@types/mysql",
            "requires": {
                "@types/node": "*"
            }
        },
        "@types/zongji": {
            "version": "file:../../node_modules/.pnpm/@types+zongji@0.5.0/node_modules/@types/zongji",
            "requires": {
                "@types/mysql": "*"
            }
        },
        "@vlasky/zongji": {
            "version": "file:../../node_modules/.pnpm/@vlasky+zongji@0.5.8/node_modules/@vlasky/zongji",
            "requires": {
                "@vlasky/mysql": "^2.18.5",
                "big-integer": "1.6.48",
                "eslint": "6.8.0",
                "iconv-lite": "0.6.2",
                "tap": "14.10.7"
            }
        },
        "aws-sdk": {
            "version": "file:../../node_modules/.pnpm/aws-sdk@2.1130.0/node_modules/aws-sdk",
            "requires": {
                "@types/node": "6.0.92",
                "browserify": "13.1.0",
                "buffer": "4.9.2",
                "chai": "^3.0",
                "codecov": "^3.8.2",
                "coffeeify": "*",
                "coffeescript": "^1.12.7",
                "cucumber": "0.5.x",
                "eslint": "^5.8.0",
                "events": "1.1.1",
                "hash-test-vectors": "^1.3.2",
                "ieee754": "1.1.13",
                "insert-module-globals": "^7.0.0",
                "istanbul": "*",
                "jasmine": "^2.5.3",
                "jasmine-core": "^2.5.2",
                "jmespath": "0.16.0",
                "json-loader": "^0.5.4",
                "karma": "^4.1.0",
                "karma-chrome-launcher": "2.2.0",
                "karma-jasmine": "^1.1.0",
                "mocha": "^3.0.0",
                "querystring": "0.2.0",
                "repl.history": "*",
                "sax": "1.2.1",
                "semver": "*",
                "typescript": "2.0.8",
                "uglify-js": "2.x",
                "url": "0.10.3",
                "uuid": "3.3.2",
                "webpack": "^1.15.0",
                "xml2js": "0.4.19"
            }
        },
        "exit-hook": {
            "version": "file:../../node_modules/.pnpm/exit-hook@2.2.1/node_modules/exit-hook",
            "requires": {
                "ava": "^1.4.1",
                "execa": "^1.0.0",
                "tsd": "^0.7.2",
                "xo": "^0.24.0"
            }
        },
        "lodash": {
            "version": "4.17.21",
            "resolved": "https://registry.npmjs.org/lodash/-/lodash-4.17.21.tgz",
            "integrity": "sha512-v2kDEe57lecTulaDIuNTPy3Ry4gLGJ6Z1O3vE1krgXZNrsQ+LFTGHVxVjcXPs17LhbZVGedAJv8XZ1tvj5FvSg=="
        },
        "rxjs": {
            "version": "file:../../node_modules/.pnpm/rxjs@7.5.5/node_modules/rxjs",
            "requires": {
                "@angular-devkit/build-optimizer": "0.4.6",
                "@angular-devkit/schematics": "^11.0.7",
                "@swc/core": "^1.2.128",
                "@swc/helpers": "^0.3.2",
                "@types/chai": "^4.2.11",
                "@types/lodash": "4.14.102",
                "@types/mocha": "^7.0.2",
                "@types/node": "^14.14.6",
                "@types/shelljs": "^0.8.8",
                "@types/sinon": "4.1.3",
                "@types/sinon-chai": "2.7.29",
                "@types/source-map": "^0.5.2",
                "@typescript-eslint/eslint-plugin": "^4.29.1",
                "@typescript-eslint/parser": "^4.29.1",
                "babel-polyfill": "6.26.0",
                "chai": "^4.2.0",
                "check-side-effects": "0.0.23",
                "color": "3.0.0",
                "colors": "1.1.2",
                "cross-env": "5.1.3",
                "cz-conventional-changelog": "1.2.0",
                "dependency-cruiser": "^9.12.0",
                "escape-string-regexp": "1.0.5",
                "eslint": "^7.8.1",
                "eslint-plugin-jasmine": "^2.10.1",
                "form-data": "^3.0.0",
                "fs-extra": "^8.1.0",
                "glob": "7.1.2",
                "google-closure-compiler-js": "20170218.0.0",
                "husky": "^4.2.5",
                "klaw-sync": "3.0.2",
                "lint-staged": "^10.2.11",
                "lodash": "^4.17.15",
                "minimist": "^1.2.5",
                "mocha": "^8.1.3",
                "nodemon": "^1.9.2",
                "npm-run-all": "4.1.2",
                "opn-cli": "3.1.0",
                "platform": "1.3.5",
                "prettier": "^2.5.1",
                "promise": "8.0.1",
                "rollup": "0.66.6",
                "rollup-plugin-alias": "1.4.0",
                "rollup-plugin-inject": "2.0.0",
                "rollup-plugin-node-resolve": "2.0.0",
                "shelljs": "^0.8.4",
                "shx": "^0.3.2",
                "sinon": "4.3.0",
                "sinon-chai": "2.14.0",
                "source-map-support": "0.5.3",
                "systemjs": "^0.21.0",
                "ts-api-guardian": "^0.5.0",
                "ts-node": "^9.1.1",
                "tslib": "^2.1.0",
                "tslint": "^5.20.1",
                "tslint-config-prettier": "^1.18.0",
                "tslint-etc": "1.13.10",
                "tslint-no-toplevel-property-access": "0.0.2",
                "tslint-no-unused-expression-chai": "0.0.3",
                "typescript": "~4.2.0",
                "validate-commit-msg": "2.14.0",
                "web-streams-polyfill": "^3.0.2",
                "webpack": "^4.31.0"
            }
        },
        "uuid": {
            "version": "8.3.2",
            "resolved": "https://registry.npmjs.org/uuid/-/uuid-8.3.2.tgz",
            "integrity": "sha512-+NYs2QeMWy+GWFOEm9xnn6HCDp0l7QBD7ml8zLUmJ+93Q5NF0NocErnwkTkXVFNiX3/fpC6afS8Dhb/gz7R7eg=="
        }
    }
}
